
Microsoft Visual Studio Solution File, Format Version 12.00
# Visual Studio Version 16
VisualStudioVersion = 25.0.1706.5
MinimumVisualStudioVersion = 10.0.40219.1
Project("{FAE04EC0-301F-11D3-BF4B-00C04F79EFBC}") = "Well-Up-API", "Well-Up-API.csproj", "{48EE6AC3-7B1B-42C1-9287-D10D03136F5D}"
EndProject
Global
	GlobalSection(SolutionConfigurationPlatforms) = preSolution
		Debug|Any CPU = Debug|Any CPU
		Release|Any CPU = Release|Any CPU
	EndGlobalSection
	GlobalSection(ProjectConfigurationPlatforms) = postSolution
		{48EE6AC3-7B1B-42C1-9287-D10D03136F5D}.Debug|Any CPU.ActiveCfg = Debug|Any CPU
		{48EE6AC3-7B1B-42C1-9287-D10D03136F5D}.Debug|Any CPU.Build.0 = Debug|Any CPU
		{48EE6AC3-7B1B-42C1-9287-D10D03136F5D}.Release|Any CPU.ActiveCfg = Release|Any CPU
		{48EE6AC3-7B1B-42C1-9287-D10D03136F5D}.Release|Any CPU.Build.0 = Release|Any CPU
	EndGlobalSection
	GlobalSection(SolutionProperties) = preSolution
		HideSolutionNode = FALSE
	EndGlobalSection
	GlobalSection(ExtensibilityGlobals) = postSolution
		SolutionGuid = {3C941A9B-FA78-4877-9534-14DFEDDD7C68}
	EndGlobalSection
EndGlobal
